
Microsoft Visual Studio Solution File, Format Version 12.00
# Visual Studio 15
VisualStudioVersion = 15.0.27520.0
MinimumVisualStudioVersion = 10.0.40219.1
Project("{9A19103F-16F7-4668-BE54-9A1E7A4F7556}") = "MyMedicine", "MyMedicine.csproj", "{11C23BE4-5F3E-4E12-B7D6-772168658F89}"
EndProject
Global
	GlobalSection(SolutionConfigurationPlatforms) = preSolution
		Debug|Any CPU = Debug|Any CPU
		Release|Any CPU = Release|Any CPU
	EndGlobalSection
	GlobalSection(ProjectConfigurationPlatforms) = postSolution
		{11C23BE4-5F3E-4E12-B7D6-772168658F89}.Debug|Any CPU.ActiveCfg = Debug|Any CPU
		{11C23BE4-5F3E-4E12-B7D6-772168658F89}.Debug|Any CPU.Build.0 = Debug|Any CPU
		{11C23BE4-5F3E-4E12-B7D6-772168658F89}.Release|Any CPU.ActiveCfg = Release|Any CPU
		{11C23BE4-5F3E-4E12-B7D6-772168658F89}.Release|Any CPU.Build.0 = Release|Any CPU
	EndGlobalSection
	GlobalSection(SolutionProperties) = preSolution
		HideSolutionNode = FALSE
	EndGlobalSection
	GlobalSection(ExtensibilityGlobals) = postSolution
		SolutionGuid = {C027CE20-D079-4269-8DDE-4A5272E4D699}
	EndGlobalSection
EndGlobal
